// !$*UTF8*$!
{
	archiveVersion = 1;
	classes = {
	};
	objectVersion = 50;
	objects = {

/* Begin PBXBuildFile section */
		EE0B641321F7DD1300A6D153 /* ReadPostViewController.swift in Sources */ = {isa = PBXBuildFile; fileRef = EE0B641221F7DD1300A6D153 /* ReadPostViewController.swift */; };
		EE40BE5C21F7CBE400F2FD94 /* AppDelegate.swift in Sources */ = {isa = PBXBuildFile; fileRef = EE40BE5B21F7CBE400F2FD94 /* AppDelegate.swift */; };
		EE40BE5E21F7CBE400F2FD94 /* CreatePostViewController.swift in Sources */ = {isa = PBXBuildFile; fileRef = EE40BE5D21F7CBE400F2FD94 /* CreatePostViewController.swift */; };
		EE40BE6121F7CBE400F2FD94 /* Main.storyboard in Resources */ = {isa = PBXBuildFile; fileRef = EE40BE5F21F7CBE400F2FD94 /* Main.storyboard */; };
		EE40BE6321F7CBE800F2FD94 /* Assets.xcassets in Resources */ = {isa = PBXBuildFile; fileRef = EE40BE6221F7CBE800F2FD94 /* Assets.xcassets */; };
		EE40BE6621F7CBE800F2FD94 /* LaunchScreen.storyboard in Resources */ = {isa = PBXBuildFile; fileRef = EE40BE6421F7CBE800F2FD94 /* LaunchScreen.storyboard */; };
/* End PBXBuildFile section */

/* Begin PBXFileReference section */
		EE0B641221F7DD1300A6D153 /* ReadPostViewController.swift */ = {isa = PBXFileReference; lastKnownFileType = sourcecode.swift; path = ReadPostViewController.swift; sourceTree = "<group>"; };
		EE40BE5821F7CBE400F2FD94 /* Pretty Post.app */ = {isa = PBXFileReference; explicitFileType = wrapper.application; includeInIndex = 0; path = "Pretty Post.app"; sourceTree = BUILT_PRODUCTS_DIR; };
		EE40BE5B21F7CBE400F2FD94 /* AppDelegate.swift */ = {isa = PBXFileReference; lastKnownFileType = sourcecode.swift; path = AppDelegate.swift; sourceTree = "<group>"; };
		EE40BE5D21F7CBE400F2FD94 /* CreatePostViewController.swift */ = {isa = PBXFileReference; lastKnownFileType = sourcecode.swift; path = CreatePostViewController.swift; sourceTree = "<group>"; };
		EE40BE6021F7CBE400F2FD94 /* Base */ = {isa = PBXFileReference; lastKnownFileType = file.storyboard; name = Base; path = Base.lproj/Main.storyboard; sourceTree = "<group>"; };
		EE40BE6221F7CBE800F2FD94 /* Assets.xcassets */ = {isa = PBXFileReference; lastKnownFileType = folder.assetcatalog; path = Assets.xcassets; sourceTree = "<group>"; };
		EE40BE6521F7CBE800F2FD94 /* Base */ = {isa = PBXFileReference; lastKnownFileType = file.storyboard; name = Base; path = Base.lproj/LaunchScreen.storyboard; sourceTree = "<group>"; };
		EE40BE6721F7CBE900F2FD94 /* Info.plist */ = {isa = PBXFileReference; lastKnownFileType = text.plist.xml; path = Info.plist; sourceTree = "<group>"; };
/* End PBXFileReference section */

/* Begin PBXFrameworksBuildPhase section */
		EE40BE5521F7CBE400F2FD94 /* Frameworks */ = {
			isa = PBXFrameworksBuildPhase;
			buildActionMask = 2147483647;
			files = (
			);
			runOnlyForDeploymentPostprocessing = 0;
		};
/* End PBXFrameworksBuildPhase section */

/* Begin PBXGroup section */
		EE40BE4F21F7CBE400F2FD94 = {
			isa = PBXGroup;
			children = (
				EE40BE5A21F7CBE400F2FD94 /* Pretty Post */,
				EE40BE5921F7CBE400F2FD94 /* Products */,
			);
			sourceTree = "<group>";
		};
		EE40BE5921F7CBE400F2FD94 /* Products */ = {
			isa = PBXGroup;
			children = (
				EE40BE5821F7CBE400F2FD94 /* Pretty Post.app */,
			);
			name = Products;
			sourceTree = "<group>";
		};
		EE40BE5A21F7CBE400F2FD94 /* Pretty Post */ = {
			isa = PBXGroup;
			children = (
				EE40BE5B21F7CBE400F2FD94 /* AppDelegate.swift */,
				EE40BE5D21F7CBE400F2FD94 /* CreatePostViewController.swift */,
				EE0B641221F7DD1300A6D153 /* ReadPostViewController.swift */,
				EE40BE5F21F7CBE400F2FD94 /* Main.storyboard */,
				EE40BE6221F7CBE800F2FD94 /* Assets.xcassets */,
				EE40BE6421F7CBE800F2FD94 /* LaunchScreen.storyboard */,
				EE40BE6721F7CBE900F2FD94 /* Info.plist */,
			);
			path = "Pretty Post";
			sourceTree = "<group>";
		};
/* End PBXGroup section */

/* Begin PBXNativeTarget section */
		EE40BE5721F7CBE400F2FD94 /* Pretty Post */ = {
			isa = PBXNativeTarget;
			buildConfigurationList = EE40BE6A21F7CBE900F2FD94 /* Build configuration list for PBXNativeTarget "Pretty Post" */;
			buildPhases = (
				EE40BE5421F7CBE400F2FD94 /* Sources */,
				EE40BE5521F7CBE400F2FD94 /* Frameworks */,
				EE40BE5621F7CBE400F2FD94 /* Resources */,
			);
			buildRules = (
			);
			dependencies = (
			);
			name = "Pretty Post";
			productName = "Pretty Post";
			productReference = EE40BE5821F7CBE400F2FD94 /* Pretty Post.app */;
			productType = "com.apple.product-type.application";
		};
/* End PBXNativeTarget section */

/* Begin PBXProject section */
		EE40BE5021F7CBE400F2FD94 /* Project object */ = {
			isa = PBXProject;
			attributes = {
				LastSwiftUpdateCheck = 1010;
				LastUpgradeCheck = 1010;
				ORGANIZATIONNAME = "Kevin Tan";
				TargetAttributes = {
					EE40BE5721F7CBE400F2FD94 = {
						CreatedOnToolsVersion = 10.1;
					};
				};
			};
			buildConfigurationList = EE40BE5321F7CBE400F2FD94 /* Build configuration list for PBXProject "Pretty Post" */;
			compatibilityVersion = "Xcode 9.3";
			developmentRegion = en;
			hasScannedForEncodings = 0;
			knownRegions = (
				en,
				Base,
			);
			mainGroup = EE40BE4F21F7CBE400F2FD94;
			productRefGroup = EE40BE5921F7CBE400F2FD94 /* Products */;
			projectDirPath = "";
			projectRoot = "";
			targets = (
				EE40BE5721F7CBE400F2FD94 /* Pretty Post */,
			);
		};
/* End PBXProject section */

/* Begin PBXResourcesBuildPhase section */
		EE40BE5621F7CBE400F2FD94 /* Resources */ = {
			isa = PBXResourcesBuildPhase;
			buildActionMask = 2147483647;
			files = (
				EE40BE6621F7CBE800F2FD94 /* LaunchScreen.storyboard in Resources */,
				EE40BE6321F7CBE800F2FD94 /* Assets.xcassets in Resources */,
				EE40BE6121F7CBE400F2FD94 /* Main.storyboard in Resources */,
			);
			runOnlyForDeploymentPostprocessing = 0;
		};
/* End PBXResourcesBuildPhase section */

/* Begin PBXSourcesBuildPhase section */
		EE40BE5421F7CBE400F2FD94 /* Sources */ = {
			isa = PBXSourcesBuildPhase;
			buildActionMask = 2147483647;
			files = (
				EE40BE5E21F7CBE400F2FD94 /* CreatePostViewController.swift in Sources */,
				EE0B641321F7DD1300A6D153 /* ReadPostViewController.swift in Sources */,
				EE40BE5C21F7CBE400F2FD94 /* AppDelegate.swift in Sources */,
			);
			runOnlyForDeploymentPostprocessing = 0;
		};
/* End PBXSourcesBuildPhase section */

/* Begin PBXVariantGroup section */
		EE40BE5F21F7CBE400F2FD94 /* Main.storyboard */ = {
			isa = PBXVariantGroup;
			children = (
				EE40BE6021F7CBE400F2FD94 /* Base */,
			);
			name = Main.storyboard;
			sourceTree = "<group>";
		};
		EE40BE6421F7CBE800F2FD94 /* LaunchScreen.storyboard */ = {
			isa = PBXVariantGroup;
			children = (
				EE40BE6521F7CBE800F2FD94 /* Base */,
			);
			name = LaunchScreen.storyboard;
			sourceTree = "<group>";
		};
/* End PBXVariantGroup section */

/* Begin XCBuildConfiguration section */
		EE40BE6821F7CBE900F2FD94 /* Debug */ = {
			isa = XCBuildConfiguration;
			buildSettings = {
				ALWAYS_SEARCH_USER_PATHS = NO;
				CLANG_ANALYZER_NONNULL = YES;
				CLANG_ANALYZER_NUMBER_OBJECT_CONVERSION = YES_AGGRESSIVE;
				CLANG_CXX_LANGUAGE_STANDARD = "gnu++14";
				CLANG_CXX_LIBRARY = "libc++";
				CLANG_ENABLE_MODULES = YES;
				CLANG_ENABLE_OBJC_ARC = YES;
				CLANG_ENABLE_OBJC_WEAK = YES;
				CLANG_WARN_BLOCK_CAPTURE_AUTORELEASING = YES;
				CLANG_WARN_BOOL_CONVERSION = YES;
				CLANG_WARN_COMMA = YES;
				CLANG_WARN_CONSTANT_CONVERSION = YES;
				CLANG_WARN_DEPRECATED_OBJC_IMPLEMENTATIONS = YES;
				CLANG_WARN_DIRECT_OBJC_ISA_USAGE = YES_ERROR;
				CLANG_WARN_DOCUMENTATION_COMMENTS = YES;
				CLANG_WARN_EMPTY_BODY = YES;
				CLANG_WARN_ENUM_CONVERSION = YES;
				CLANG_WARN_INFINITE_RECURSION = YES;
				CLANG_WARN_INT_CONVERSION = YES;
				CLANG_WARN_NON_LITERAL_NULL_CONVERSION = YES;
				CLANG_WARN_OBJC_IMPLICIT_RETAIN_SELF = YES;
				CLANG_WARN_OBJC_LITERAL_CONVERSION = YES;
				CLANG_WARN_OBJC_ROOT_CLASS = YES_ERROR;
				CLANG_WARN_RANGE_LOOP_ANALYSIS = YES;
				CLANG_WARN_STRICT_PROTOTYPES = YES;
				CLANG_WARN_SUSPICIOUS_MOVE = YES;
				CLANG_WARN_UNGUARDED_AVAILABILITY = YES_AGGRESSIVE;
				CLANG_WARN_UNREACHABLE_CODE = YES;
				CLANG_WARN__DUPLICATE_METHOD_MATCH = YES;
				CODE_SIGN_IDENTITY = "iPhone Developer";
				COPY_PHASE_STRIP = NO;
				DEBUG_INFORMATION_FORMAT = dwarf;
				ENABLE_STRICT_OBJC_MSGSEND = YES;
				ENABLE_TESTABILITY = YES;
				GCC_C_LANGUAGE_STANDARD = gnu11;
				GCC_DYNAMIC_NO_PIC = NO;
				GCC_NO_COMMON_BLOCKS = YES;
				GCC_OPTIMIZATION_LEVEL = 0;
				GCC_PREPROCESSOR_DEFINITIONS = (
					"DEBUG=1",
					"$(inherited)",
				);
				GCC_WARN_64_TO_32_BIT_CONVERSION = YES;
				GCC_WARN_ABOUT_RETURN_TYPE = YES_ERROR;
				GCC_WARN_UNDECLARED_SELECTOR = YES;
				GCC_WARN_UNINITIALIZED_AUTOS = YES_AGGRESSIVE;
				GCC_WARN_UNUSED_FUNCTION = YES;
				GCC_WARN_UNUSED_VARIABLE = YES;
				IPHONEOS_DEPLOYMENT_TARGET = 12.1;
				MTL_ENABLE_DEBUG_INFO = INCLUDE_SOURCE;
				MTL_FAST_MATH = YES;
				ONLY_ACTIVE_ARCH = YES;
				SDKROOT = iphoneos;
				SWIFT_ACTIVE_COMPILATION_CONDITIONS = DEBUG;
				SWIFT_OPTIMIZATION_LEVEL = "-Onone";
			};
			name = Debug;
		};
		EE40BE6921F7CBE900F2FD94 /* Release */ = {
			isa = XCBuildConfiguration;
			buildSettings = {
				ALWAYS_SEARCH_USER_PATHS = NO;
				CLANG_ANALYZER_NONNULL = YES;
				CLANG_ANALYZER_NUMBER_OBJECT_CONVERSION = YES_AGGRESSIVE;
				CLANG_CXX_LANGUAGE_STANDARD = "gnu++14";
				CLANG_CXX_LIBRARY = "libc++";
				CLANG_ENABLE_MODULES = YES;
				CLANG_ENABLE_OBJC_ARC = YES;
				CLANG_ENABLE_OBJC_WEAK = YES;
				CLANG_WARN_BLOCK_CAPTURE_AUTORELEASING = YES;
				CLANG_WARN_BOOL_CONVERSION = YES;
				CLANG_WARN_COMMA = YES;
				CLANG_WARN_CONSTANT_CONVERSION = YES;
				CLANG_WARN_DEPRECATED_OBJC_IMPLEMENTATIONS = YES;
				CLANG_WARN_DIRECT_OBJC_ISA_USAGE = YES_ERROR;
				CLANG_WARN_DOCUMENTATION_COMMENTS = YES;
				CLANG_WARN_EMPTY_BODY = YES;
				CLANG_WARN_ENUM_CONVERSION = YES;
				CLANG_WARN_INFINITE_RECURSION = YES;
				CLANG_WARN_INT_CONVERSION = YES;
				CLANG_WARN_NON_LITERAL_NULL_CONVERSION = YES;
				CLANG_WARN_OBJC_IMPLICIT_RETAIN_SELF = YES;
				CLANG_WARN_OBJC_LITERAL_CONVERSION = YES;
				CLANG_WARN_OBJC_ROOT_CLASS = YES_ERROR;
				CLANG_WARN_RANGE_LOOP_ANALYSIS = YES;
				CLANG_WARN_STRICT_PROTOTYPES = YES;
				CLANG_WARN_SUSPICIOUS_MOVE = YES;
				CLANG_WARN_UNGUARDED_AVAILABILITY = YES_AGGRESSIVE;
				CLANG_WARN_UNREACHABLE_CODE = YES;
				CLANG_WARN__DUPLICATE_METHOD_MATCH = YES;
				CODE_SIGN_IDENTITY = "iPhone Developer";
				COPY_PHASE_STRIP = NO;
				DEBUG_INFORMATION_FORMAT = "dwarf-with-dsym";
				ENABLE_NS_ASSERTIONS = NO;
				ENABLE_STRICT_OBJC_MSGSEND = YES;
				GCC_C_LANGUAGE_STANDARD = gnu11;
				GCC_NO_COMMON_BLOCKS = YES;
				GCC_WARN_64_TO_32_BIT_CONVERSION = YES;
				GCC_WARN_ABOUT_RETURN_TYPE = YES_ERROR;
				GCC_WARN_UNDECLARED_SELECTOR = YES;
				GCC_WARN_UNINITIALIZED_AUTOS = YES_AGGRESSIVE;
				GCC_WARN_UNUSED_FUNCTION = YES;
				GCC_WARN_UNUSED_VARIABLE = YES;
				IPHONEOS_DEPLOYMENT_TARGET = 12.1;
				MTL_ENABLE_DEBUG_INFO = NO;
				MTL_FAST_MATH = YES;
				SDKROOT = iphoneos;
				SWIFT_COMPILATION_MODE = wholemodule;
				SWIFT_OPTIMIZATION_LEVEL = "-O";
				VALIDATE_PRODUCT = YES;
			};
			name = Release;
		};
		EE40BE6B21F7CBE900F2FD94 /* Debug */ = {
			isa = XCBuildConfiguration;
			buildSettings = {
				ASSETCATALOG_COMPILER_APPICON_NAME = AppIcon;
				CODE_SIGN_STYLE = Automatic;
				INFOPLIST_FILE = "Pretty Post/Info.plist";
				LD_RUNPATH_SEARCH_PATHS = (
					"$(inherited)",
					"@executable_path/Frameworks",
				);
				PRODUCT_BUNDLE_IDENTIFIER = "com.ktan17.Pretty-Post";
				PRODUCT_NAME = "$(TARGET_NAME)";
				SWIFT_VERSION = 4.2;
				TARGETED_DEVICE_FAMILY = "1,2";
			};
			name = Debug;
		};
		EE40BE6C21F7CBE900F2FD94 /* Release */ = {
			isa = XCBuildConfiguration;
			buildSettings = {
				ASSETCATALOG_COMPILER_APPICON_NAME = AppIcon;
				CODE_SIGN_STYLE = Automatic;
				INFOPLIST_FILE = "Pretty Post/Info.plist";
				LD_RUNPATH_SEARCH_PATHS = (
					"$(inherited)",
					"@executable_path/Frameworks",
				);
				PRODUCT_BUNDLE_IDENTIFIER = "com.ktan17.Pretty-Post";
				PRODUCT_NAME = "$(TARGET_NAME)";
				SWIFT_VERSION = 4.2;
				TARGETED_DEVICE_FAMILY = "1,2";
			};
			name = Release;
		};
/* End XCBuildConfiguration section */

/* Begin XCConfigurationList section */
		EE40BE5321F7CBE400F2FD94 /* Build configuration list for PBXProject "Pretty Post" */ = {
			isa = XCConfigurationList;
			buildConfigurations = (
				EE40BE6821F7CBE900F2FD94 /* Debug */,
				EE40BE6921F7CBE900F2FD94 /* Release */,
			);
			defaultConfigurationIsVisible = 0;
			defaultConfigurationName = Release;
		};
		EE40BE6A21F7CBE900F2FD94 /* Build configuration list for PBXNativeTarget "Pretty Post" */ = {
			isa = XCConfigurationList;
			buildConfigurations = (
				EE40BE6B21F7CBE900F2FD94 /* Debug */,
				EE40BE6C21F7CBE900F2FD94 /* Release */,
			);
			defaultConfigurationIsVisible = 0;
			defaultConfigurationName = Release;
		};
/* End XCConfigurationList section */
	};
	rootObject = EE40BE5021F7CBE400F2FD94 /* Project object */;
}
